{
  "nodes": {
    "nixpkgs": {
      "locked": {
        "lastModified": 1733330745,
        "narHash": "sha256-jy34Nf4Tn1ITZcYyMBn1/7jA8bCCIZDpiVahqlCXfww=",
        "owner": "NixOS",
        "repo": "nixpkgs",
        "rev": "2f9d395f057a50f8076f633c10519035fce8d773",
        "type": "github"
      },
      "original": {
        "owner": "NixOS",
        "ref": "nixpkgs-unstable",
        "repo": "nixpkgs",
        "type": "github"
      }
    },
    "poetrypin": {
      "locked": {
        "lastModified": 1698171519,
        "narHash": "sha256-0cpzZatfHQA/1+KmKsaYvOG6d5a/2ItzKoPdSfUN5WE=",
        "owner": "NixOS",
        "repo": "nixpkgs",
        "rev": "881e946d8b96b1c52d74e2b69792aa89354feffd",
        "type": "github"
      },
      "original": {
        "owner": "NixOS",
        "repo": "nixpkgs",
        "rev": "881e946d8b96b1c52d74e2b69792aa89354feffd",
        "type": "github"
      }
    },
    "root": {
      "inputs": {
        "nixpkgs": "nixpkgs",
        "poetrypin": "poetrypin"
      }
    }
  },
  "root": "root",
  "version": 7
}
