{
  "nodes": {
    "agenix": {
      "inputs": {
        "darwin": "darwin",
        "home-manager": [
          "home-manager"
        ],
        "nixpkgs": [
          "nixpkgs"
        ],
        "systems": "systems"
      },
      "locked": {
        "lastModified": 1745630506,
        "narHash": "sha256-bHCFgGeu8XjWlVuaWzi3QONjDW3coZDqSHvnd4l7xus=",
        "owner": "ryantm",
        "repo": "agenix",
        "rev": "96e078c646b711aee04b82ba01aefbff87004ded",
        "type": "github"
      },
      "original": {
        "owner": "ryantm",
        "repo": "agenix",
        "type": "github"
      }
    },
    "bwcli": {
      "locked": {
        "lastModified": 1722592191,
        "narHash": "sha256-Av6l2Pz/pTZX4NShAt7spyapxKSYBk0hVbwopQv30cY=",
        "owner": "NixOS",
        "repo": "nixpkgs",
        "rev": "cfa3e57cd9accf657ed8933295fc8717ad3d2476",
        "type": "github"
      },
      "original": {
        "owner": "NixOS",
        "repo": "nixpkgs",
        "rev": "cfa3e57cd9accf657ed8933295fc8717ad3d2476",
        "type": "github"
      }
    },
    "darwin": {
      "inputs": {
        "nixpkgs": [
          "agenix",
          "nixpkgs"
        ]
      },
      "locked": {
        "lastModified": 1744478979,
        "narHash": "sha256-dyN+teG9G82G+m+PX/aSAagkC+vUv0SgUw3XkPhQodQ=",
        "owner": "lnl7",
        "repo": "nix-darwin",
        "rev": "43975d782b418ebf4969e9ccba82466728c2851b",
        "type": "github"
      },
      "original": {
        "owner": "lnl7",
        "ref": "master",
        "repo": "nix-darwin",
        "type": "github"
      }
    },
    "home-manager": {
      "inputs": {
        "nixpkgs": [
          "nixpkgs"
        ]
      },
      "locked": {
        "lastModified": 1745894335,
        "narHash": "sha256-m47zhftaod/oHOwoVT25jstdcVLhkrVGyvEHKjbnFHI=",
        "owner": "nix-community",
        "repo": "home-manager",
        "rev": "1ad123239957d40e11ef66c203d0a7e272eb48aa",
        "type": "github"
      },
      "original": {
        "owner": "nix-community",
        "repo": "home-manager",
        "type": "github"
      }
    },
    "nix-darwin": {
      "inputs": {
        "nixpkgs": [
          "nixpkgs"
        ]
      },
      "locked": {
        "lastModified": 1745816321,
        "narHash": "sha256-Gyh/fkCDqVNGM0BWvk+4UAS17w2UI6iwnbQQCmc1TDI=",
        "owner": "LnL7",
        "repo": "nix-darwin",
        "rev": "4515dacafb0ccd42e5395aacc49fd58a43027e01",
        "type": "github"
      },
      "original": {
        "owner": "LnL7",
        "repo": "nix-darwin",
        "type": "github"
      }
    },
    "nix-stable": {
      "locked": {
        "lastModified": 1745868005,
        "narHash": "sha256-hZScOyQphT4RUmSEJX+2OxjIlGgLwSd8iW1LNtAWIOs=",
        "owner": "NixOS",
        "repo": "nixpkgs",
        "rev": "330d0a4167924b43f31cc9406df363f71b768a02",
        "type": "github"
      },
      "original": {
        "owner": "NixOS",
        "ref": "nixos-24.11",
        "repo": "nixpkgs",
        "type": "github"
      }
    },
    "nixpkgs": {
      "locked": {
        "lastModified": 1745804731,
        "narHash": "sha256-v/sK3AS0QKu/Tu5sHIfddiEHCvrbNYPv8X10Fpux68g=",
        "owner": "NixOS",
        "repo": "nixpkgs",
        "rev": "29335f23bea5e34228349ea739f31ee79e267b88",
        "type": "github"
      },
      "original": {
        "owner": "NixOS",
        "ref": "nixpkgs-unstable",
        "repo": "nixpkgs",
        "type": "github"
      }
    },
    "poetrypin": {
      "locked": {
        "lastModified": 1698171519,
        "narHash": "sha256-0cpzZatfHQA/1+KmKsaYvOG6d5a/2ItzKoPdSfUN5WE=",
        "owner": "NixOS",
        "repo": "nixpkgs",
        "rev": "881e946d8b96b1c52d74e2b69792aa89354feffd",
        "type": "github"
      },
      "original": {
        "owner": "NixOS",
        "repo": "nixpkgs",
        "rev": "881e946d8b96b1c52d74e2b69792aa89354feffd",
        "type": "github"
      }
    },
    "root": {
      "inputs": {
        "agenix": "agenix",
        "bwcli": "bwcli",
        "home-manager": "home-manager",
        "nix-darwin": "nix-darwin",
        "nix-stable": "nix-stable",
        "nixpkgs": "nixpkgs",
        "poetrypin": "poetrypin",
        "stefan-website": "stefan-website"
      }
    },
    "stefan-website": {
      "flake": false,
      "locked": {
        "lastModified": 1733991112,
        "narHash": "sha256-TpswTbqSP/O2VzIDDhzBEXTsCuLt1ds2dHjuQZjCfwQ=",
        "owner": "stefankeidel",
        "repo": "website",
        "rev": "35e16bd434c86c409f84085d6159c09320fb020b",
        "type": "github"
      },
      "original": {
        "owner": "stefankeidel",
        "repo": "website",
        "type": "github"
      }
    },
    "systems": {
      "locked": {
        "lastModified": 1681028828,
        "narHash": "sha256-Vy1rq5AaRuLzOxct8nz4T6wlgyUR7zLU309k9mBC768=",
        "owner": "nix-systems",
        "repo": "default",
        "rev": "da67096a3b9bf56a91d16901293e51ba5b49a27e",
        "type": "github"
      },
      "original": {
        "owner": "nix-systems",
        "repo": "default",
        "type": "github"
      }
    }
  },
  "root": "root",
  "version": 7
}
